
Microsoft Visual Studio Solution File, Format Version 12.00
# Visual Studio 15
VisualStudioVersion = 15.0.26730.8
MinimumVisualStudioVersion = 10.0.40219.1
Project("{9A19103F-16F7-4668-BE54-9A1E7A4F7556}") = "Event.Web", "Event.Web\Event.Web.csproj", "{F1D584D4-33D6-469A-ADA2-1B82958FCA40}"
EndProject
Project("{9A19103F-16F7-4668-BE54-9A1E7A4F7556}") = "Event.Service", "Event.Infrastructure\Event.Service.csproj", "{CEA94DD3-34B8-4AB2-B246-929766896021}"
EndProject
Project("{9A19103F-16F7-4668-BE54-9A1E7A4F7556}") = "Event.Model", "Event.Model\Event.Model.csproj", "{CF43D349-A015-4493-8EAC-B9FBB55B9E15}"
EndProject
Project("{FAE04EC0-301F-11D3-BF4B-00C04F79EFBC}") = "Event.Admin", "Event.Admin\Event.Admin.csproj", "{C659DAA2-0628-4BF7-83EA-5D94DBDD3BFB}"
EndProject
Project("{2150E333-8FDC-42A3-9474-1A3956D46DE8}") = "src", "src", "{DD00668F-07B5-4F67-BA8C-B5C53AB88A7F}"
EndProject
Project("{2150E333-8FDC-42A3-9474-1A3956D46DE8}") = "test", "test", "{83EFEFF8-3C72-4209-9BEC-5BB0160A14F3}"
EndProject
Project("{FAE04EC0-301F-11D3-BF4B-00C04F79EFBC}") = "Event.Test", "Event.Test\Event.Test.csproj", "{5C1C6770-414F-43B1-9F72-CD7442B7C884}"
EndProject
Global
	GlobalSection(SolutionConfigurationPlatforms) = preSolution
		Debug|Any CPU = Debug|Any CPU
		Release|Any CPU = Release|Any CPU
	EndGlobalSection
	GlobalSection(ProjectConfigurationPlatforms) = postSolution
		{F1D584D4-33D6-469A-ADA2-1B82958FCA40}.Debug|Any CPU.ActiveCfg = Debug|Any CPU
		{F1D584D4-33D6-469A-ADA2-1B82958FCA40}.Debug|Any CPU.Build.0 = Debug|Any CPU
		{F1D584D4-33D6-469A-ADA2-1B82958FCA40}.Release|Any CPU.ActiveCfg = Release|Any CPU
		{F1D584D4-33D6-469A-ADA2-1B82958FCA40}.Release|Any CPU.Build.0 = Release|Any CPU
		{CEA94DD3-34B8-4AB2-B246-929766896021}.Debug|Any CPU.ActiveCfg = Debug|Any CPU
		{CEA94DD3-34B8-4AB2-B246-929766896021}.Debug|Any CPU.Build.0 = Debug|Any CPU
		{CEA94DD3-34B8-4AB2-B246-929766896021}.Release|Any CPU.ActiveCfg = Release|Any CPU
		{CEA94DD3-34B8-4AB2-B246-929766896021}.Release|Any CPU.Build.0 = Release|Any CPU
		{CF43D349-A015-4493-8EAC-B9FBB55B9E15}.Debug|Any CPU.ActiveCfg = Debug|Any CPU
		{CF43D349-A015-4493-8EAC-B9FBB55B9E15}.Debug|Any CPU.Build.0 = Debug|Any CPU
		{CF43D349-A015-4493-8EAC-B9FBB55B9E15}.Release|Any CPU.ActiveCfg = Release|Any CPU
		{CF43D349-A015-4493-8EAC-B9FBB55B9E15}.Release|Any CPU.Build.0 = Release|Any CPU
		{C659DAA2-0628-4BF7-83EA-5D94DBDD3BFB}.Debug|Any CPU.ActiveCfg = Debug|Any CPU
		{C659DAA2-0628-4BF7-83EA-5D94DBDD3BFB}.Debug|Any CPU.Build.0 = Debug|Any CPU
		{C659DAA2-0628-4BF7-83EA-5D94DBDD3BFB}.Release|Any CPU.ActiveCfg = Release|Any CPU
		{C659DAA2-0628-4BF7-83EA-5D94DBDD3BFB}.Release|Any CPU.Build.0 = Release|Any CPU
		{5C1C6770-414F-43B1-9F72-CD7442B7C884}.Debug|Any CPU.ActiveCfg = Debug|Any CPU
		{5C1C6770-414F-43B1-9F72-CD7442B7C884}.Debug|Any CPU.Build.0 = Debug|Any CPU
		{5C1C6770-414F-43B1-9F72-CD7442B7C884}.Release|Any CPU.ActiveCfg = Release|Any CPU
		{5C1C6770-414F-43B1-9F72-CD7442B7C884}.Release|Any CPU.Build.0 = Release|Any CPU
	EndGlobalSection
	GlobalSection(SolutionProperties) = preSolution
		HideSolutionNode = FALSE
	EndGlobalSection
	GlobalSection(NestedProjects) = preSolution
		{F1D584D4-33D6-469A-ADA2-1B82958FCA40} = {DD00668F-07B5-4F67-BA8C-B5C53AB88A7F}
		{CEA94DD3-34B8-4AB2-B246-929766896021} = {DD00668F-07B5-4F67-BA8C-B5C53AB88A7F}
		{CF43D349-A015-4493-8EAC-B9FBB55B9E15} = {DD00668F-07B5-4F67-BA8C-B5C53AB88A7F}
		{C659DAA2-0628-4BF7-83EA-5D94DBDD3BFB} = {DD00668F-07B5-4F67-BA8C-B5C53AB88A7F}
		{5C1C6770-414F-43B1-9F72-CD7442B7C884} = {83EFEFF8-3C72-4209-9BEC-5BB0160A14F3}
	EndGlobalSection
	GlobalSection(ExtensibilityGlobals) = postSolution
		SolutionGuid = {00D794B9-5A53-46A6-A895-41A13AC81C44}
	EndGlobalSection
EndGlobal
