
Microsoft Visual Studio Solution File, Format Version 12.00
# Visual Studio 15
VisualStudioVersion = 15.0.26730.8
MinimumVisualStudioVersion = 10.0.40219.1
Project("{FAE04EC0-301F-11D3-BF4B-00C04F79EFBC}") = "Event.Web", "Event.Web\Event.Web.csproj", "{F1D584D4-33D6-469A-ADA2-1B82958FCA40}"
EndProject
Project("{FAE04EC0-301F-11D3-BF4B-00C04F79EFBC}") = "Event.Infrastructure", "Event.Infrastructure\Event.Infrastructure.csproj", "{CEA94DD3-34B8-4AB2-B246-929766896021}"
EndProject
Project("{FAE04EC0-301F-11D3-BF4B-00C04F79EFBC}") = "Event.Model", "Event.Model\Event.Model.csproj", "{CF43D349-A015-4493-8EAC-B9FBB55B9E15}"
EndProject
Global
	GlobalSection(SolutionConfigurationPlatforms) = preSolution
		Debug|Any CPU = Debug|Any CPU
		Release|Any CPU = Release|Any CPU
	EndGlobalSection
	GlobalSection(ProjectConfigurationPlatforms) = postSolution
		{F1D584D4-33D6-469A-ADA2-1B82958FCA40}.Debug|Any CPU.ActiveCfg = Debug|Any CPU
		{F1D584D4-33D6-469A-ADA2-1B82958FCA40}.Debug|Any CPU.Build.0 = Debug|Any CPU
		{F1D584D4-33D6-469A-ADA2-1B82958FCA40}.Release|Any CPU.ActiveCfg = Release|Any CPU
		{F1D584D4-33D6-469A-ADA2-1B82958FCA40}.Release|Any CPU.Build.0 = Release|Any CPU
		{CEA94DD3-34B8-4AB2-B246-929766896021}.Debug|Any CPU.ActiveCfg = Debug|Any CPU
		{CEA94DD3-34B8-4AB2-B246-929766896021}.Debug|Any CPU.Build.0 = Debug|Any CPU
		{CEA94DD3-34B8-4AB2-B246-929766896021}.Release|Any CPU.ActiveCfg = Release|Any CPU
		{CEA94DD3-34B8-4AB2-B246-929766896021}.Release|Any CPU.Build.0 = Release|Any CPU
		{CF43D349-A015-4493-8EAC-B9FBB55B9E15}.Debug|Any CPU.ActiveCfg = Debug|Any CPU
		{CF43D349-A015-4493-8EAC-B9FBB55B9E15}.Debug|Any CPU.Build.0 = Debug|Any CPU
		{CF43D349-A015-4493-8EAC-B9FBB55B9E15}.Release|Any CPU.ActiveCfg = Release|Any CPU
		{CF43D349-A015-4493-8EAC-B9FBB55B9E15}.Release|Any CPU.Build.0 = Release|Any CPU
	EndGlobalSection
	GlobalSection(SolutionProperties) = preSolution
		HideSolutionNode = FALSE
	EndGlobalSection
	GlobalSection(ExtensibilityGlobals) = postSolution
		SolutionGuid = {00D794B9-5A53-46A6-A895-41A13AC81C44}
	EndGlobalSection
EndGlobal
